
Microsoft Visual Studio Solution File, Format Version 12.00
# Visual Studio Version 17
VisualStudioVersion = 17.13.35825.156
MinimumVisualStudioVersion = 10.0.40219.1
Project("{FAE04EC0-301F-11D3-BF4B-00C04F79EFBC}") = "Stebet.Nats.DistributedCache", "src\Stebet.Nats.DistributedCache\Stebet.Nats.DistributedCache.csproj", "{6F8B6CFC-B1A4-4190-89B0-1ADD5EF6F90D}"
EndProject
Project("{FAE04EC0-301F-11D3-BF4B-00C04F79EFBC}") = "Stebet.Nats.DistributedCache.Tests", "tests\Stebet.Nats.DistributedCache.Tests\Stebet.Nats.DistributedCache.Tests.csproj", "{6A6DE64C-7AF4-4F65-B3F6-2F0D744864C4}"
EndProject
Project("{FAE04EC0-301F-11D3-BF4B-00C04F79EFBC}") = "Stebet.Nats.DistributedCache.Benchmarks", "src\Stebet.Nats.DistributedCache.Benchmarks\Stebet.Nats.DistributedCache.Benchmarks.csproj", "{8CB947C7-B8BB-4EAC-AD5A-A393EAFD04D6}"
EndProject
Project("{2150E333-8FDC-42A3-9474-1A3956D46DE8}") = "Solution Items", "Solution Items", "{8EC462FD-D22E-90A8-E5CE-7E832BA40C5D}"
	ProjectSection(SolutionItems) = preProject
		.editorconfig = .editorconfig
		.gitignore = .gitignore
		Directory.Build.props = Directory.Build.props
		Directory.Packages.props = Directory.Packages.props
	EndProjectSection
EndProject
Global
	GlobalSection(SolutionConfigurationPlatforms) = preSolution
		Debug|Any CPU = Debug|Any CPU
		Release|Any CPU = Release|Any CPU
	EndGlobalSection
	GlobalSection(ProjectConfigurationPlatforms) = postSolution
		{6F8B6CFC-B1A4-4190-89B0-1ADD5EF6F90D}.Debug|Any CPU.ActiveCfg = Debug|Any CPU
		{6F8B6CFC-B1A4-4190-89B0-1ADD5EF6F90D}.Debug|Any CPU.Build.0 = Debug|Any CPU
		{6F8B6CFC-B1A4-4190-89B0-1ADD5EF6F90D}.Release|Any CPU.ActiveCfg = Release|Any CPU
		{6F8B6CFC-B1A4-4190-89B0-1ADD5EF6F90D}.Release|Any CPU.Build.0 = Release|Any CPU
		{6A6DE64C-7AF4-4F65-B3F6-2F0D744864C4}.Debug|Any CPU.ActiveCfg = Debug|Any CPU
		{6A6DE64C-7AF4-4F65-B3F6-2F0D744864C4}.Debug|Any CPU.Build.0 = Debug|Any CPU
		{6A6DE64C-7AF4-4F65-B3F6-2F0D744864C4}.Release|Any CPU.ActiveCfg = Release|Any CPU
		{6A6DE64C-7AF4-4F65-B3F6-2F0D744864C4}.Release|Any CPU.Build.0 = Release|Any CPU
		{8CB947C7-B8BB-4EAC-AD5A-A393EAFD04D6}.Debug|Any CPU.ActiveCfg = Debug|Any CPU
		{8CB947C7-B8BB-4EAC-AD5A-A393EAFD04D6}.Debug|Any CPU.Build.0 = Debug|Any CPU
		{8CB947C7-B8BB-4EAC-AD5A-A393EAFD04D6}.Release|Any CPU.ActiveCfg = Release|Any CPU
		{8CB947C7-B8BB-4EAC-AD5A-A393EAFD04D6}.Release|Any CPU.Build.0 = Release|Any CPU
	EndGlobalSection
	GlobalSection(SolutionProperties) = preSolution
		HideSolutionNode = FALSE
	EndGlobalSection
	GlobalSection(ExtensibilityGlobals) = postSolution
		SolutionGuid = {821BBCE8-F148-4EE7-9A76-71294019B7EE}
	EndGlobalSection
EndGlobal
